{
  "object": {
    "pins": [
      {
        "package": "SwiftExtensions",
        "repositoryURL": "https://github.com/niazoff/SwiftExtensions.git",
        "state": {
          "branch": "master",
          "revision": "c3456a4586a2c7fada69f4246f3e962a793d8730",
          "version": null
        }
      },
      {
        "package": "VerseIndex",
        "repositoryURL": "https://github.com/niazoff/VerseIndex.git",
        "state": {
          "branch": "master",
          "revision": "fc012a33b44a766918e602479fd14c04b7f00286",
          "version": null
        }
      }
    ]
  },
  "version": 1
}
