{
  "object": {
    "pins": [
      {
        "package": "SwiftExtensions",
        "repositoryURL": "https://github.com/niazoff/SwiftExtensions.git",
        "state": {
          "branch": "master",
          "revision": "3dd4e5a4de01e031764a214fcb7b4f7d5c6d4b20",
          "version": null
        }
      },
      {
        "package": "VerseIndex",
        "repositoryURL": "https://github.com/niazoff/VerseIndex.git",
        "state": {
          "branch": "master",
          "revision": "e86faf3dc9cb4ed0a7af1ae836aa712669591ccb",
          "version": null
        }
      }
    ]
  },
  "version": 1
}
